
Microsoft Visual Studio Solution File, Format Version 12.00
# Visual Studio 15
Project("{FAE04EC0-301F-11D3-BF4B-00C04F79EFBC}") = "Events", "Events\Events.csproj", "{198F9E91-525C-4FD9-A616-9AAB64591AD5}"
EndProject
Project("{FAE04EC0-301F-11D3-BF4B-00C04F79EFBC}") = "StrangeVanilla.Blogging.Events", "StrangeVanilla.Blogging.Events\StrangeVanilla.Blogging.Events.csproj", "{1018167C-91F3-47C1-9058-EFDB5A746AAB}"
EndProject
Project("{2150E333-8FDC-42A3-9474-1A3956D46DE8}") = "Solution Items", "Solution Items", "{FDF3DC26-C6C8-497B-8C20-EE3554A7FAD8}"
	ProjectSection(SolutionItems) = preProject
		nuget.config = nuget.config
		README.md = README.md
	EndProjectSection
EndProject
Project("{FAE04EC0-301F-11D3-BF4B-00C04F79EFBC}") = "SV.Maat", "SV.Maat\SV.Maat.csproj", "{83B06705-B449-4C73-A356-AB29023E4ED8}"
EndProject
Global
	GlobalSection(SolutionConfigurationPlatforms) = preSolution
		Debug|Any CPU = Debug|Any CPU
		Release|Any CPU = Release|Any CPU
	EndGlobalSection
	GlobalSection(ProjectConfigurationPlatforms) = postSolution
		{198F9E91-525C-4FD9-A616-9AAB64591AD5}.Debug|Any CPU.ActiveCfg = Debug|Any CPU
		{198F9E91-525C-4FD9-A616-9AAB64591AD5}.Debug|Any CPU.Build.0 = Debug|Any CPU
		{198F9E91-525C-4FD9-A616-9AAB64591AD5}.Release|Any CPU.ActiveCfg = Release|Any CPU
		{198F9E91-525C-4FD9-A616-9AAB64591AD5}.Release|Any CPU.Build.0 = Release|Any CPU
		{1018167C-91F3-47C1-9058-EFDB5A746AAB}.Debug|Any CPU.ActiveCfg = Debug|Any CPU
		{1018167C-91F3-47C1-9058-EFDB5A746AAB}.Debug|Any CPU.Build.0 = Debug|Any CPU
		{1018167C-91F3-47C1-9058-EFDB5A746AAB}.Release|Any CPU.ActiveCfg = Release|Any CPU
		{1018167C-91F3-47C1-9058-EFDB5A746AAB}.Release|Any CPU.Build.0 = Release|Any CPU
		{83B06705-B449-4C73-A356-AB29023E4ED8}.Debug|Any CPU.ActiveCfg = Debug|Any CPU
		{83B06705-B449-4C73-A356-AB29023E4ED8}.Debug|Any CPU.Build.0 = Debug|Any CPU
		{83B06705-B449-4C73-A356-AB29023E4ED8}.Release|Any CPU.ActiveCfg = Release|Any CPU
		{83B06705-B449-4C73-A356-AB29023E4ED8}.Release|Any CPU.Build.0 = Release|Any CPU
	EndGlobalSection
EndGlobal
