
Microsoft Visual Studio Solution File, Format Version 12.00
# Visual Studio 15
Project("{FAE04EC0-301F-11D3-BF4B-00C04F79EFBC}") = "Events", "Events\Events.csproj", "{198F9E91-525C-4FD9-A616-9AAB64591AD5}"
EndProject
Project("{FAE04EC0-301F-11D3-BF4B-00C04F79EFBC}") = "StrangeVanilla.Blogging.Events", "StrangeVanilla.Blogging.Events\StrangeVanilla.Blogging.Events.csproj", "{1018167C-91F3-47C1-9058-EFDB5A746AAB}"
EndProject
Project("{2150E333-8FDC-42A3-9474-1A3956D46DE8}") = "Solution Items", "Solution Items", "{FDF3DC26-C6C8-497B-8C20-EE3554A7FAD8}"
	ProjectSection(SolutionItems) = preProject
		nuget.config = nuget.config
		README.md = README.md
	EndProjectSection
EndProject
Project("{FAE04EC0-301F-11D3-BF4B-00C04F79EFBC}") = "Migrations", "Migrations\Migrations.csproj", "{470D6EB3-931A-4BB7-82DD-161A90DB0ABB}"
EndProject
Project("{FAE04EC0-301F-11D3-BF4B-00C04F79EFBC}") = "SV.Maat", "SV.Maat\SV.Maat.csproj", "{2D1F7F10-3CD1-4B69-9258-279657915002}"
EndProject
Project("{FAE04EC0-301F-11D3-BF4B-00C04F79EFBC}") = "Users", "Users\Users.csproj", "{7680B7C0-6613-4B0A-A0B4-BC70994E461E}"
EndProject
Project("{FAE04EC0-301F-11D3-BF4B-00C04F79EFBC}") = "Tests", "Tests\Tests.csproj", "{621B5950-30D7-4A02-A71C-9938840D7BFD}"
EndProject
Global
	GlobalSection(SolutionConfigurationPlatforms) = preSolution
		Debug|Any CPU = Debug|Any CPU
		Release|Any CPU = Release|Any CPU
	EndGlobalSection
	GlobalSection(ProjectConfigurationPlatforms) = postSolution
		{198F9E91-525C-4FD9-A616-9AAB64591AD5}.Debug|Any CPU.ActiveCfg = Debug|Any CPU
		{198F9E91-525C-4FD9-A616-9AAB64591AD5}.Debug|Any CPU.Build.0 = Debug|Any CPU
		{198F9E91-525C-4FD9-A616-9AAB64591AD5}.Release|Any CPU.ActiveCfg = Release|Any CPU
		{198F9E91-525C-4FD9-A616-9AAB64591AD5}.Release|Any CPU.Build.0 = Release|Any CPU
		{1018167C-91F3-47C1-9058-EFDB5A746AAB}.Debug|Any CPU.ActiveCfg = Debug|Any CPU
		{1018167C-91F3-47C1-9058-EFDB5A746AAB}.Debug|Any CPU.Build.0 = Debug|Any CPU
		{1018167C-91F3-47C1-9058-EFDB5A746AAB}.Release|Any CPU.ActiveCfg = Release|Any CPU
		{1018167C-91F3-47C1-9058-EFDB5A746AAB}.Release|Any CPU.Build.0 = Release|Any CPU
		{470D6EB3-931A-4BB7-82DD-161A90DB0ABB}.Debug|Any CPU.ActiveCfg = Debug|Any CPU
		{470D6EB3-931A-4BB7-82DD-161A90DB0ABB}.Debug|Any CPU.Build.0 = Debug|Any CPU
		{470D6EB3-931A-4BB7-82DD-161A90DB0ABB}.Release|Any CPU.ActiveCfg = Release|Any CPU
		{470D6EB3-931A-4BB7-82DD-161A90DB0ABB}.Release|Any CPU.Build.0 = Release|Any CPU
		{2D1F7F10-3CD1-4B69-9258-279657915002}.Debug|Any CPU.ActiveCfg = Debug|Any CPU
		{2D1F7F10-3CD1-4B69-9258-279657915002}.Debug|Any CPU.Build.0 = Debug|Any CPU
		{2D1F7F10-3CD1-4B69-9258-279657915002}.Release|Any CPU.ActiveCfg = Release|Any CPU
		{2D1F7F10-3CD1-4B69-9258-279657915002}.Release|Any CPU.Build.0 = Release|Any CPU
		{7680B7C0-6613-4B0A-A0B4-BC70994E461E}.Debug|Any CPU.ActiveCfg = Debug|Any CPU
		{7680B7C0-6613-4B0A-A0B4-BC70994E461E}.Debug|Any CPU.Build.0 = Debug|Any CPU
		{7680B7C0-6613-4B0A-A0B4-BC70994E461E}.Release|Any CPU.ActiveCfg = Release|Any CPU
		{7680B7C0-6613-4B0A-A0B4-BC70994E461E}.Release|Any CPU.Build.0 = Release|Any CPU
		{621B5950-30D7-4A02-A71C-9938840D7BFD}.Debug|Any CPU.ActiveCfg = Debug|Any CPU
		{621B5950-30D7-4A02-A71C-9938840D7BFD}.Debug|Any CPU.Build.0 = Debug|Any CPU
		{621B5950-30D7-4A02-A71C-9938840D7BFD}.Release|Any CPU.ActiveCfg = Release|Any CPU
		{621B5950-30D7-4A02-A71C-9938840D7BFD}.Release|Any CPU.Build.0 = Release|Any CPU
	EndGlobalSection
EndGlobal
